
Microsoft Visual Studio Solution File, Format Version 12.00
# Visual Studio Version 16
VisualStudioVersion = 25.0.1706.6
MinimumVisualStudioVersion = 10.0.40219.1
Project("{FAE04EC0-301F-11D3-BF4B-00C04F79EFBC}") = "SheltersApp.Server", "SheltersApp\Server\SheltersApp.Server.csproj", "{C5621C60-5625-488A-B7E6-BFBEC3A81277}"
EndProject
Project("{FAE04EC0-301F-11D3-BF4B-00C04F79EFBC}") = "SheltersApp.Client", "SheltersApp\Client\SheltersApp.Client.csproj", "{03B4B7E5-A9BF-47CC-8827-F72B12007A9F}"
EndProject
Project("{FAE04EC0-301F-11D3-BF4B-00C04F79EFBC}") = "SheltersApp.Shared", "SheltersApp\Shared\SheltersApp.Shared.csproj", "{0231C38E-B8A9-4F7E-B743-1F98BD7262D8}"
EndProject
Global
	GlobalSection(SolutionConfigurationPlatforms) = preSolution
		Debug|Any CPU = Debug|Any CPU
		Release|Any CPU = Release|Any CPU
	EndGlobalSection
	GlobalSection(ProjectConfigurationPlatforms) = postSolution
		{C5621C60-5625-488A-B7E6-BFBEC3A81277}.Debug|Any CPU.ActiveCfg = Debug|Any CPU
		{C5621C60-5625-488A-B7E6-BFBEC3A81277}.Debug|Any CPU.Build.0 = Debug|Any CPU
		{C5621C60-5625-488A-B7E6-BFBEC3A81277}.Release|Any CPU.ActiveCfg = Release|Any CPU
		{C5621C60-5625-488A-B7E6-BFBEC3A81277}.Release|Any CPU.Build.0 = Release|Any CPU
		{03B4B7E5-A9BF-47CC-8827-F72B12007A9F}.Debug|Any CPU.ActiveCfg = Debug|Any CPU
		{03B4B7E5-A9BF-47CC-8827-F72B12007A9F}.Debug|Any CPU.Build.0 = Debug|Any CPU
		{03B4B7E5-A9BF-47CC-8827-F72B12007A9F}.Release|Any CPU.ActiveCfg = Release|Any CPU
		{03B4B7E5-A9BF-47CC-8827-F72B12007A9F}.Release|Any CPU.Build.0 = Release|Any CPU
		{0231C38E-B8A9-4F7E-B743-1F98BD7262D8}.Debug|Any CPU.ActiveCfg = Debug|Any CPU
		{0231C38E-B8A9-4F7E-B743-1F98BD7262D8}.Debug|Any CPU.Build.0 = Debug|Any CPU
		{0231C38E-B8A9-4F7E-B743-1F98BD7262D8}.Release|Any CPU.ActiveCfg = Release|Any CPU
		{0231C38E-B8A9-4F7E-B743-1F98BD7262D8}.Release|Any CPU.Build.0 = Release|Any CPU
	EndGlobalSection
	GlobalSection(SolutionProperties) = preSolution
		HideSolutionNode = FALSE
	EndGlobalSection
	GlobalSection(ExtensibilityGlobals) = postSolution
		SolutionGuid = {9C1BBC0B-CBDD-47B5-93C0-89127D5B9425}
	EndGlobalSection
EndGlobal
